
Microsoft Visual Studio Solution File, Format Version 12.00
# Visual Studio Version 16
VisualStudioVersion = 16.0.31019.35
MinimumVisualStudioVersion = 10.0.40219.1
Project("{FAE04EC0-301F-11D3-BF4B-00C04F79EFBC}") = "RazorToController", "RazorToController\RazorToController.csproj", "{97EC8BB4-5361-4241-8BC4-0C2AFD765986}"
EndProject
Global
	GlobalSection(SolutionConfigurationPlatforms) = preSolution
		Debug|Any CPU = Debug|Any CPU
		Release|Any CPU = Release|Any CPU
	EndGlobalSection
	GlobalSection(ProjectConfigurationPlatforms) = postSolution
		{97EC8BB4-5361-4241-8BC4-0C2AFD765986}.Debug|Any CPU.ActiveCfg = Debug|Any CPU
		{97EC8BB4-5361-4241-8BC4-0C2AFD765986}.Debug|Any CPU.Build.0 = Debug|Any CPU
		{97EC8BB4-5361-4241-8BC4-0C2AFD765986}.Release|Any CPU.ActiveCfg = Release|Any CPU
		{97EC8BB4-5361-4241-8BC4-0C2AFD765986}.Release|Any CPU.Build.0 = Release|Any CPU
	EndGlobalSection
	GlobalSection(SolutionProperties) = preSolution
		HideSolutionNode = FALSE
	EndGlobalSection
	GlobalSection(ExtensibilityGlobals) = postSolution
		SolutionGuid = {A0012464-CCD0-4BCA-AF08-0F6527533FEE}
	EndGlobalSection
EndGlobal
